
Microsoft Visual Studio Solution File, Format Version 12.00
# Visual Studio Version 16
VisualStudioVersion = 16.0.31727.386
MinimumVisualStudioVersion = 10.0.40219.1
Project("{9A19103F-16F7-4668-BE54-9A1E7A4F7556}") = "Somar", "Somar\Somar.csproj", "{031AF644-B96D-4686-9CFE-C21B2F8D3B3A}"
EndProject
Project("{FAE04EC0-301F-11D3-BF4B-00C04F79EFBC}") = "Subtração", "Subtração\Subtração.csproj", "{C5B4BCAA-C3C6-4B37-A6C5-6E6BCC3603EE}"
EndProject
Project("{FAE04EC0-301F-11D3-BF4B-00C04F79EFBC}") = "Multiplicação", "Multiplicação\Multiplicação.csproj", "{4125FC99-EE84-4064-8CDA-5BB77DE983D2}"
EndProject
Project("{FAE04EC0-301F-11D3-BF4B-00C04F79EFBC}") = "Divisão", "Divisão\Divisão.csproj", "{8AA1D392-DC72-4E70-907A-310C5BFC36B3}"
EndProject
Global
	GlobalSection(SolutionConfigurationPlatforms) = preSolution
		Debug|Any CPU = Debug|Any CPU
		Release|Any CPU = Release|Any CPU
	EndGlobalSection
	GlobalSection(ProjectConfigurationPlatforms) = postSolution
		{031AF644-B96D-4686-9CFE-C21B2F8D3B3A}.Debug|Any CPU.ActiveCfg = Debug|Any CPU
		{031AF644-B96D-4686-9CFE-C21B2F8D3B3A}.Debug|Any CPU.Build.0 = Debug|Any CPU
		{031AF644-B96D-4686-9CFE-C21B2F8D3B3A}.Release|Any CPU.ActiveCfg = Release|Any CPU
		{031AF644-B96D-4686-9CFE-C21B2F8D3B3A}.Release|Any CPU.Build.0 = Release|Any CPU
		{C5B4BCAA-C3C6-4B37-A6C5-6E6BCC3603EE}.Debug|Any CPU.ActiveCfg = Debug|Any CPU
		{C5B4BCAA-C3C6-4B37-A6C5-6E6BCC3603EE}.Debug|Any CPU.Build.0 = Debug|Any CPU
		{C5B4BCAA-C3C6-4B37-A6C5-6E6BCC3603EE}.Release|Any CPU.ActiveCfg = Release|Any CPU
		{C5B4BCAA-C3C6-4B37-A6C5-6E6BCC3603EE}.Release|Any CPU.Build.0 = Release|Any CPU
		{4125FC99-EE84-4064-8CDA-5BB77DE983D2}.Debug|Any CPU.ActiveCfg = Debug|Any CPU
		{4125FC99-EE84-4064-8CDA-5BB77DE983D2}.Debug|Any CPU.Build.0 = Debug|Any CPU
		{4125FC99-EE84-4064-8CDA-5BB77DE983D2}.Release|Any CPU.ActiveCfg = Release|Any CPU
		{4125FC99-EE84-4064-8CDA-5BB77DE983D2}.Release|Any CPU.Build.0 = Release|Any CPU
		{8AA1D392-DC72-4E70-907A-310C5BFC36B3}.Debug|Any CPU.ActiveCfg = Debug|Any CPU
		{8AA1D392-DC72-4E70-907A-310C5BFC36B3}.Debug|Any CPU.Build.0 = Debug|Any CPU
		{8AA1D392-DC72-4E70-907A-310C5BFC36B3}.Release|Any CPU.ActiveCfg = Release|Any CPU
		{8AA1D392-DC72-4E70-907A-310C5BFC36B3}.Release|Any CPU.Build.0 = Release|Any CPU
	EndGlobalSection
	GlobalSection(SolutionProperties) = preSolution
		HideSolutionNode = FALSE
	EndGlobalSection
	GlobalSection(ExtensibilityGlobals) = postSolution
		SolutionGuid = {ADC41DC5-1BCE-41A2-90EC-8FB995BF8A49}
	EndGlobalSection
EndGlobal
